
Microsoft Visual Studio Solution File, Format Version 12.00
# Visual Studio 2015
Project("{FAE04EC0-301F-11D3-BF4B-00C04F79EFBC}") = "PowBattle.CSharp.Plugins", "PowBattle.CSharp.Plugins.csproj", "{8DA46685-0EBC-D6BC-794E-D05F3E410CC4}"
EndProject
Project("{FAE04EC0-301F-11D3-BF4B-00C04F79EFBC}") = "PowBattle.CSharp", "PowBattle.CSharp.csproj", "{ADA00298-EAC5-A951-18E8-C897B091ED07}"
EndProject
Project("{FAE04EC0-301F-11D3-BF4B-00C04F79EFBC}") = "PowBattle.CSharp.Editor.Plugins", "PowBattle.CSharp.Editor.Plugins.csproj", "{C1A181F5-D2B1-F3B4-1CA6-26E18FC60636}"
EndProject
Project("{FAE04EC0-301F-11D3-BF4B-00C04F79EFBC}") = "PowBattle.CSharp.Editor", "PowBattle.CSharp.Editor.csproj", "{EE49CF83-ADC1-0E44-1B14-4913461205F1}"
EndProject
Global
	GlobalSection(SolutionConfigurationPlatforms) = preSolution
		Debug|Any CPU = Debug|Any CPU
		Release|Any CPU = Release|Any CPU
	EndGlobalSection
	GlobalSection(ProjectConfigurationPlatforms) = postSolution
		{8DA46685-0EBC-D6BC-794E-D05F3E410CC4}.Debug|Any CPU.ActiveCfg = Debug|Any CPU
		{8DA46685-0EBC-D6BC-794E-D05F3E410CC4}.Debug|Any CPU.Build.0 = Debug|Any CPU
		{8DA46685-0EBC-D6BC-794E-D05F3E410CC4}.Release|Any CPU.ActiveCfg = Release|Any CPU
		{8DA46685-0EBC-D6BC-794E-D05F3E410CC4}.Release|Any CPU.Build.0 = Release|Any CPU
		{ADA00298-EAC5-A951-18E8-C897B091ED07}.Debug|Any CPU.ActiveCfg = Debug|Any CPU
		{ADA00298-EAC5-A951-18E8-C897B091ED07}.Debug|Any CPU.Build.0 = Debug|Any CPU
		{ADA00298-EAC5-A951-18E8-C897B091ED07}.Release|Any CPU.ActiveCfg = Release|Any CPU
		{ADA00298-EAC5-A951-18E8-C897B091ED07}.Release|Any CPU.Build.0 = Release|Any CPU
		{C1A181F5-D2B1-F3B4-1CA6-26E18FC60636}.Debug|Any CPU.ActiveCfg = Debug|Any CPU
		{C1A181F5-D2B1-F3B4-1CA6-26E18FC60636}.Debug|Any CPU.Build.0 = Debug|Any CPU
		{C1A181F5-D2B1-F3B4-1CA6-26E18FC60636}.Release|Any CPU.ActiveCfg = Release|Any CPU
		{C1A181F5-D2B1-F3B4-1CA6-26E18FC60636}.Release|Any CPU.Build.0 = Release|Any CPU
		{EE49CF83-ADC1-0E44-1B14-4913461205F1}.Debug|Any CPU.ActiveCfg = Debug|Any CPU
		{EE49CF83-ADC1-0E44-1B14-4913461205F1}.Debug|Any CPU.Build.0 = Debug|Any CPU
		{EE49CF83-ADC1-0E44-1B14-4913461205F1}.Release|Any CPU.ActiveCfg = Release|Any CPU
		{EE49CF83-ADC1-0E44-1B14-4913461205F1}.Release|Any CPU.Build.0 = Release|Any CPU
	EndGlobalSection
	GlobalSection(SolutionProperties) = preSolution
		HideSolutionNode = FALSE
	EndGlobalSection
EndGlobal
